
Microsoft Visual Studio Solution File, Format Version 12.00
# Visual Studio Version 17
VisualStudioVersion = 17.1.32414.318
MinimumVisualStudioVersion = 10.0.40219.1
Project("{FAE04EC0-301F-11D3-BF4B-00C04F79EFBC}") = "IlliaTeliuk_PZPI212_CourseWortk_InterpolBase", "IlliaTeliuk_PZPI212_CourseWortk_InterpolBase\IlliaTeliuk_PZPI212_CourseWortk_InterpolBase.csproj", "{38790976-829F-4638-A678-018E90958B17}"
EndProject
Global
	GlobalSection(SolutionConfigurationPlatforms) = preSolution
		Debug|Any CPU = Debug|Any CPU
		Release|Any CPU = Release|Any CPU
	EndGlobalSection
	GlobalSection(ProjectConfigurationPlatforms) = postSolution
		{38790976-829F-4638-A678-018E90958B17}.Debug|Any CPU.ActiveCfg = Debug|Any CPU
		{38790976-829F-4638-A678-018E90958B17}.Debug|Any CPU.Build.0 = Debug|Any CPU
		{38790976-829F-4638-A678-018E90958B17}.Release|Any CPU.ActiveCfg = Release|Any CPU
		{38790976-829F-4638-A678-018E90958B17}.Release|Any CPU.Build.0 = Release|Any CPU
	EndGlobalSection
	GlobalSection(SolutionProperties) = preSolution
		HideSolutionNode = FALSE
	EndGlobalSection
	GlobalSection(ExtensibilityGlobals) = postSolution
		SolutionGuid = {A2E8B6FD-F472-4F93-91F6-FC7A7E1A3B3C}
	EndGlobalSection
EndGlobal
